// !$*UTF8*$!
{
	archiveVersion = 1;
	classes = {
	};
	objectVersion = 46;
	objects = {

/* Begin PBXBuildFile section */
		3780F2831F51EA6F009B5C8C /* WKWebView+CCChain.m in Sources */ = {isa = PBXBuildFile; fileRef = 3780F2821F51EA6F009B5C8C /* WKWebView+CCChain.m */; };
		37D8628A1F507DFA00417F5F /* CCEasyWebView.m in Sources */ = {isa = PBXBuildFile; fileRef = 37D862891F507DFA00417F5F /* CCEasyWebView.m */; };
		4FB4DD77B5BA32B23EE5373F /* Pods_CCChainKit_Tests.framework in Frameworks */ = {isa = PBXBuildFile; fileRef = C097BD1F208A5060168ECC6A /* Pods_CCChainKit_Tests.framework */; };
		6003F58E195388D20070C39A /* Foundation.framework in Frameworks */ = {isa = PBXBuildFile; fileRef = 6003F58D195388D20070C39A /* Foundation.framework */; };
		6003F590195388D20070C39A /* CoreGraphics.framework in Frameworks */ = {isa = PBXBuildFile; fileRef = 6003F58F195388D20070C39A /* CoreGraphics.framework */; };
		6003F592195388D20070C39A /* UIKit.framework in Frameworks */ = {isa = PBXBuildFile; fileRef = 6003F591195388D20070C39A /* UIKit.framework */; };
		6003F598195388D20070C39A /* InfoPlist.strings in Resources */ = {isa = PBXBuildFile; fileRef = 6003F596195388D20070C39A /* InfoPlist.strings */; };
		6003F59A195388D20070C39A /* main.m in Sources */ = {isa = PBXBuildFile; fileRef = 6003F599195388D20070C39A /* main.m */; };
		6003F59E195388D20070C39A /* CCAppDelegate.m in Sources */ = {isa = PBXBuildFile; fileRef = 6003F59D195388D20070C39A /* CCAppDelegate.m */; };
		6003F5A7195388D20070C39A /* CCViewController.m in Sources */ = {isa = PBXBuildFile; fileRef = 6003F5A6195388D20070C39A /* CCViewController.m */; };
		6003F5A9195388D20070C39A /* Images.xcassets in Resources */ = {isa = PBXBuildFile; fileRef = 6003F5A8195388D20070C39A /* Images.xcassets */; };
		6003F5B0195388D20070C39A /* XCTest.framework in Frameworks */ = {isa = PBXBuildFile; fileRef = 6003F5AF195388D20070C39A /* XCTest.framework */; };
		6003F5B1195388D20070C39A /* Foundation.framework in Frameworks */ = {isa = PBXBuildFile; fileRef = 6003F58D195388D20070C39A /* Foundation.framework */; };
		6003F5B2195388D20070C39A /* UIKit.framework in Frameworks */ = {isa = PBXBuildFile; fileRef = 6003F591195388D20070C39A /* UIKit.framework */; };
		6003F5BA195388D20070C39A /* InfoPlist.strings in Resources */ = {isa = PBXBuildFile; fileRef = 6003F5B8195388D20070C39A /* InfoPlist.strings */; };
		6003F5BC195388D20070C39A /* Tests.m in Sources */ = {isa = PBXBuildFile; fileRef = 6003F5BB195388D20070C39A /* Tests.m */; };
		701404CB1F5696C400830DAA /* CCRLMBaseModel.m in Sources */ = {isa = PBXBuildFile; fileRef = 701404CA1F5696C400830DAA /* CCRLMBaseModel.m */; };
		701404CF1F56979200830DAA /* CCRealmHandler.m in Sources */ = {isa = PBXBuildFile; fileRef = 701404CE1F56979200830DAA /* CCRealmHandler.m */; };
		707A6FD11F59058100DEC5C3 /* UINavigationItem+CCChain.m in Sources */ = {isa = PBXBuildFile; fileRef = 707A6FD01F59058100DEC5C3 /* UINavigationItem+CCChain.m */; };
		707A6FD51F590B4300DEC5C3 /* UIScrollView+CCChain.m in Sources */ = {isa = PBXBuildFile; fileRef = 707A6FD41F590B4300DEC5C3 /* UIScrollView+CCChain.m */; };
		707A6FDA1F59131D00DEC5C3 /* UICollectionView+CCChain_Refresh.m in Sources */ = {isa = PBXBuildFile; fileRef = 707A6FD91F59131D00DEC5C3 /* UICollectionView+CCChain_Refresh.m */; };
		707A6FDD1F59132D00DEC5C3 /* UITableView+CCChain_Refresh.m in Sources */ = {isa = PBXBuildFile; fileRef = 707A6FDC1F59132D00DEC5C3 /* UITableView+CCChain_Refresh.m */; };
		707A6FE11F593ADB00DEC5C3 /* UITableView+CCChain.m in Sources */ = {isa = PBXBuildFile; fileRef = 707A6FE01F593ADB00DEC5C3 /* UITableView+CCChain.m */; };
		70AE271B1F5798950030044C /* CCAuthorize.m in Sources */ = {isa = PBXBuildFile; fileRef = 70AE27161F5798950030044C /* CCAuthorize.m */; };
		70AE271C1F5798950030044C /* CCCommon.m in Sources */ = {isa = PBXBuildFile; fileRef = 70AE27191F5798950030044C /* CCCommon.m */; };
		70AE27211F5798A60030044C /* NSObject+CCProtocol.m in Sources */ = {isa = PBXBuildFile; fileRef = 70AE27201F5798A60030044C /* NSObject+CCProtocol.m */; };
		70AE27281F57A1CA0030044C /* CCMediator.m in Sources */ = {isa = PBXBuildFile; fileRef = 70AE27271F57A1CA0030044C /* CCMediator.m */; };
		70AE27311F57A3390030044C /* CCMediator+CCBridgeAPI.m in Sources */ = {isa = PBXBuildFile; fileRef = 70AE272D1F57A3390030044C /* CCMediator+CCBridgeAPI.m */; };
		70AE27321F57A3390030044C /* CCBridgeRouter.m in Sources */ = {isa = PBXBuildFile; fileRef = 70AE27301F57A3390030044C /* CCBridgeRouter.m */; };
		70AE27361F57A4E80030044C /* CCNetworkMoniter.m in Sources */ = {isa = PBXBuildFile; fileRef = 70AE27351F57A4E80030044C /* CCNetworkMoniter.m */; };
		70AE27481F57F3270030044C /* UIFont+CCChain.m in Sources */ = {isa = PBXBuildFile; fileRef = 70AE27471F57F3270030044C /* UIFont+CCChain.m */; };
		70AE274C1F57F9980030044C /* UIImageView+CCChain_WeakNetwork.m in Sources */ = {isa = PBXBuildFile; fileRef = 70AE274B1F57F9980030044C /* UIImageView+CCChain_WeakNetwork.m */; };
		70AE27731F58023F0030044C /* UIImageView+CCChain.m in Sources */ = {isa = PBXBuildFile; fileRef = 70AE27721F58023F0030044C /* UIImageView+CCChain.m */; };
		70AE27771F580A380030044C /* UILabel+CCChain.m in Sources */ = {isa = PBXBuildFile; fileRef = 70AE27761F580A380030044C /* UILabel+CCChain.m */; };
		70C8813B1F46E0B80007AD62 /* UIImagePickerController+CCChain.m in Sources */ = {isa = PBXBuildFile; fileRef = 70C8813A1F46E0B80007AD62 /* UIImagePickerController+CCChain.m */; };
		70D63D171F3C361500945CA2 /* NSArray+CCChain.m in Sources */ = {isa = PBXBuildFile; fileRef = 70D63CD41F3C361500945CA2 /* NSArray+CCChain.m */; };
		70D63D181F3C361500945CA2 /* NSAttributedString+CCChain.m in Sources */ = {isa = PBXBuildFile; fileRef = 70D63CD71F3C361500945CA2 /* NSAttributedString+CCChain.m */; };
		70D63D191F3C361500945CA2 /* NSBundle+CCChain.m in Sources */ = {isa = PBXBuildFile; fileRef = 70D63CDA1F3C361500945CA2 /* NSBundle+CCChain.m */; };
		70D63D1A1F3C361500945CA2 /* NSDate+CCChain.m in Sources */ = {isa = PBXBuildFile; fileRef = 70D63CDD1F3C361500945CA2 /* NSDate+CCChain.m */; };
		70D63D1B1F3C361500945CA2 /* NSDictionary+CCChain.m in Sources */ = {isa = PBXBuildFile; fileRef = 70D63CE01F3C361500945CA2 /* NSDictionary+CCChain.m */; };
		70D63D1C1F3C361500945CA2 /* NSNumber+CCChain.m in Sources */ = {isa = PBXBuildFile; fileRef = 70D63CE31F3C361500945CA2 /* NSNumber+CCChain.m */; };
		70D63D1D1F3C361500945CA2 /* NSObject+CCChain.m in Sources */ = {isa = PBXBuildFile; fileRef = 70D63CE61F3C361500945CA2 /* NSObject+CCChain.m */; };
		70D63D1E1F3C361500945CA2 /* NSPredicate+CCChain.m in Sources */ = {isa = PBXBuildFile; fileRef = 70D63CE91F3C361500945CA2 /* NSPredicate+CCChain.m */; };
		70D63D1F1F3C361500945CA2 /* NSString+CCChain.m in Sources */ = {isa = PBXBuildFile; fileRef = 70D63CEC1F3C361500945CA2 /* NSString+CCChain.m */; };
		70D63D211F3C361500945CA2 /* CCRuntime.m in Sources */ = {isa = PBXBuildFile; fileRef = 70D63CF41F3C361500945CA2 /* CCRuntime.m */; };
		70D63D221F3C361500945CA2 /* MBProgressHUD+CCChain.m in Sources */ = {isa = PBXBuildFile; fileRef = 70D63CF81F3C361500945CA2 /* MBProgressHUD+CCChain.m */; };
		70D63D231F3C361500945CA2 /* UIAlertController+CCChain.m in Sources */ = {isa = PBXBuildFile; fileRef = 70D63CFB1F3C361500945CA2 /* UIAlertController+CCChain.m */; };
		70D63D241F3C361500945CA2 /* UIBarButtonItem+CCChain.m in Sources */ = {isa = PBXBuildFile; fileRef = 70D63CFE1F3C361500945CA2 /* UIBarButtonItem+CCChain.m */; };
		70D63D251F3C361500945CA2 /* UIButton+CCChain.m in Sources */ = {isa = PBXBuildFile; fileRef = 70D63D011F3C361500945CA2 /* UIButton+CCChain.m */; };
		70D63D261F3C361500945CA2 /* UICollectionView+CCChain.m in Sources */ = {isa = PBXBuildFile; fileRef = 70D63D041F3C361500945CA2 /* UICollectionView+CCChain.m */; };
		70D63D271F3C361500945CA2 /* UIColor+CCChain.m in Sources */ = {isa = PBXBuildFile; fileRef = 70D63D071F3C361500945CA2 /* UIColor+CCChain.m */; };
		70D63D281F3C361500945CA2 /* UIControl+CCChain.m in Sources */ = {isa = PBXBuildFile; fileRef = 70D63D0A1F3C361500945CA2 /* UIControl+CCChain.m */; };
		70D63D291F3C361500945CA2 /* UIGestureRecognizer+CCChain.m in Sources */ = {isa = PBXBuildFile; fileRef = 70D63D0D1F3C361500945CA2 /* UIGestureRecognizer+CCChain.m */; };
		70D63D2A1F3C361500945CA2 /* UIImage+CCChain.m in Sources */ = {isa = PBXBuildFile; fileRef = 70D63D101F3C361500945CA2 /* UIImage+CCChain.m */; };
		70D63D2B1F3C361500945CA2 /* UIView+CCChain.m in Sources */ = {isa = PBXBuildFile; fileRef = 70D63D131F3C361500945CA2 /* UIView+CCChain.m */; };
		70D63D331F3C4CC200945CA2 /* NSTimer+CCChain.m in Sources */ = {isa = PBXBuildFile; fileRef = 70D63D321F3C4CC200945CA2 /* NSTimer+CCChain.m */; };
		71719F9F1E33DC2100824A3D /* LaunchScreen.storyboard in Resources */ = {isa = PBXBuildFile; fileRef = 71719F9D1E33DC2100824A3D /* LaunchScreen.storyboard */; };
		7E337B412AB1404489C6F112 /* Pods_CCChainKit_Example.framework in Frameworks */ = {isa = PBXBuildFile; fileRef = F1DAC55CBE883A0E3AF952BD /* Pods_CCChainKit_Example.framework */; };
		873B8AEB1B1F5CCA007FD442 /* Main.storyboard in Resources */ = {isa = PBXBuildFile; fileRef = 873B8AEA1B1F5CCA007FD442 /* Main.storyboard */; };
/* End PBXBuildFile section */

/* Begin PBXContainerItemProxy section */
		6003F5B3195388D20070C39A /* PBXContainerItemProxy */ = {
			isa = PBXContainerItemProxy;
			containerPortal = 6003F582195388D10070C39A /* Project object */;
			proxyType = 1;
			remoteGlobalIDString = 6003F589195388D20070C39A;
			remoteInfo = CCChainKit;
		};
/* End PBXContainerItemProxy section */

/* Begin PBXFileReference section */
		2DDD8D1109EDCB35A1DAF804 /* Pods-CCChainKit_Tests.debug.xcconfig */ = {isa = PBXFileReference; includeInIndex = 1; lastKnownFileType = text.xcconfig; name = "Pods-CCChainKit_Tests.debug.xcconfig"; path = "Pods/Target Support Files/Pods-CCChainKit_Tests/Pods-CCChainKit_Tests.debug.xcconfig"; sourceTree = "<group>"; };
		3780F2811F51EA6F009B5C8C /* WKWebView+CCChain.h */ = {isa = PBXFileReference; fileEncoding = 4; lastKnownFileType = sourcecode.c.h; path = "WKWebView+CCChain.h"; sourceTree = "<group>"; };
		3780F2821F51EA6F009B5C8C /* WKWebView+CCChain.m */ = {isa = PBXFileReference; fileEncoding = 4; lastKnownFileType = sourcecode.c.objc; path = "WKWebView+CCChain.m"; sourceTree = "<group>"; };
		37D862881F507DFA00417F5F /* CCEasyWebView.h */ = {isa = PBXFileReference; fileEncoding = 4; lastKnownFileType = sourcecode.c.h; path = CCEasyWebView.h; sourceTree = "<group>"; };
		37D862891F507DFA00417F5F /* CCEasyWebView.m */ = {isa = PBXFileReference; fileEncoding = 4; lastKnownFileType = sourcecode.c.objc; path = CCEasyWebView.m; sourceTree = "<group>"; };
		6003F58A195388D20070C39A /* CCChainKit_Example.app */ = {isa = PBXFileReference; explicitFileType = wrapper.application; includeInIndex = 0; path = CCChainKit_Example.app; sourceTree = BUILT_PRODUCTS_DIR; };
		6003F58D195388D20070C39A /* Foundation.framework */ = {isa = PBXFileReference; lastKnownFileType = wrapper.framework; name = Foundation.framework; path = System/Library/Frameworks/Foundation.framework; sourceTree = SDKROOT; };
		6003F58F195388D20070C39A /* CoreGraphics.framework */ = {isa = PBXFileReference; lastKnownFileType = wrapper.framework; name = CoreGraphics.framework; path = System/Library/Frameworks/CoreGraphics.framework; sourceTree = SDKROOT; };
		6003F591195388D20070C39A /* UIKit.framework */ = {isa = PBXFileReference; lastKnownFileType = wrapper.framework; name = UIKit.framework; path = System/Library/Frameworks/UIKit.framework; sourceTree = SDKROOT; };
		6003F595195388D20070C39A /* CCChainKit-Info.plist */ = {isa = PBXFileReference; lastKnownFileType = text.plist.xml; path = "CCChainKit-Info.plist"; sourceTree = "<group>"; };
		6003F597195388D20070C39A /* en */ = {isa = PBXFileReference; lastKnownFileType = text.plist.strings; name = en; path = en.lproj/InfoPlist.strings; sourceTree = "<group>"; };
		6003F599195388D20070C39A /* main.m */ = {isa = PBXFileReference; lastKnownFileType = sourcecode.c.objc; path = main.m; sourceTree = "<group>"; };
		6003F59B195388D20070C39A /* CCChainKit-Prefix.pch */ = {isa = PBXFileReference; lastKnownFileType = sourcecode.c.h; path = "CCChainKit-Prefix.pch"; sourceTree = "<group>"; };
		6003F59C195388D20070C39A /* CCAppDelegate.h */ = {isa = PBXFileReference; lastKnownFileType = sourcecode.c.h; path = CCAppDelegate.h; sourceTree = "<group>"; };
		6003F59D195388D20070C39A /* CCAppDelegate.m */ = {isa = PBXFileReference; lastKnownFileType = sourcecode.c.objc; path = CCAppDelegate.m; sourceTree = "<group>"; };
		6003F5A5195388D20070C39A /* CCViewController.h */ = {isa = PBXFileReference; lastKnownFileType = sourcecode.c.h; path = CCViewController.h; sourceTree = "<group>"; };
		6003F5A6195388D20070C39A /* CCViewController.m */ = {isa = PBXFileReference; lastKnownFileType = sourcecode.c.objc; path = CCViewController.m; sourceTree = "<group>"; };
		6003F5A8195388D20070C39A /* Images.xcassets */ = {isa = PBXFileReference; lastKnownFileType = folder.assetcatalog; path = Images.xcassets; sourceTree = "<group>"; };
		6003F5AE195388D20070C39A /* CCChainKit_Tests.xctest */ = {isa = PBXFileReference; explicitFileType = wrapper.cfbundle; includeInIndex = 0; path = CCChainKit_Tests.xctest; sourceTree = BUILT_PRODUCTS_DIR; };
		6003F5AF195388D20070C39A /* XCTest.framework */ = {isa = PBXFileReference; lastKnownFileType = wrapper.framework; name = XCTest.framework; path = Library/Frameworks/XCTest.framework; sourceTree = DEVELOPER_DIR; };
		6003F5B7195388D20070C39A /* Tests-Info.plist */ = {isa = PBXFileReference; lastKnownFileType = text.plist.xml; path = "Tests-Info.plist"; sourceTree = "<group>"; };
		6003F5B9195388D20070C39A /* en */ = {isa = PBXFileReference; lastKnownFileType = text.plist.strings; name = en; path = en.lproj/InfoPlist.strings; sourceTree = "<group>"; };
		6003F5BB195388D20070C39A /* Tests.m */ = {isa = PBXFileReference; lastKnownFileType = sourcecode.c.objc; path = Tests.m; sourceTree = "<group>"; };
		606FC2411953D9B200FFA9A0 /* Tests-Prefix.pch */ = {isa = PBXFileReference; lastKnownFileType = sourcecode.c.h; path = "Tests-Prefix.pch"; sourceTree = "<group>"; };
		701404C91F5696C400830DAA /* CCRLMBaseModel.h */ = {isa = PBXFileReference; fileEncoding = 4; lastKnownFileType = sourcecode.c.h; path = CCRLMBaseModel.h; sourceTree = "<group>"; };
		701404CA1F5696C400830DAA /* CCRLMBaseModel.m */ = {isa = PBXFileReference; fileEncoding = 4; lastKnownFileType = sourcecode.c.objc; path = CCRLMBaseModel.m; sourceTree = "<group>"; };
		701404CD1F56979200830DAA /* CCRealmHandler.h */ = {isa = PBXFileReference; fileEncoding = 4; lastKnownFileType = sourcecode.c.h; path = CCRealmHandler.h; sourceTree = "<group>"; };
		701404CE1F56979200830DAA /* CCRealmHandler.m */ = {isa = PBXFileReference; fileEncoding = 4; lastKnownFileType = sourcecode.c.objc; path = CCRealmHandler.m; sourceTree = "<group>"; };
		707A6FCF1F59058100DEC5C3 /* UINavigationItem+CCChain.h */ = {isa = PBXFileReference; fileEncoding = 4; lastKnownFileType = sourcecode.c.h; path = "UINavigationItem+CCChain.h"; sourceTree = "<group>"; };
		707A6FD01F59058100DEC5C3 /* UINavigationItem+CCChain.m */ = {isa = PBXFileReference; fileEncoding = 4; lastKnownFileType = sourcecode.c.objc; path = "UINavigationItem+CCChain.m"; sourceTree = "<group>"; };
		707A6FD31F590B4300DEC5C3 /* UIScrollView+CCChain.h */ = {isa = PBXFileReference; fileEncoding = 4; lastKnownFileType = sourcecode.c.h; path = "UIScrollView+CCChain.h"; sourceTree = "<group>"; };
		707A6FD41F590B4300DEC5C3 /* UIScrollView+CCChain.m */ = {isa = PBXFileReference; fileEncoding = 4; lastKnownFileType = sourcecode.c.objc; path = "UIScrollView+CCChain.m"; sourceTree = "<group>"; };
		707A6FD81F59131D00DEC5C3 /* UICollectionView+CCChain_Refresh.h */ = {isa = PBXFileReference; fileEncoding = 4; lastKnownFileType = sourcecode.c.h; path = "UICollectionView+CCChain_Refresh.h"; sourceTree = "<group>"; };
		707A6FD91F59131D00DEC5C3 /* UICollectionView+CCChain_Refresh.m */ = {isa = PBXFileReference; fileEncoding = 4; lastKnownFileType = sourcecode.c.objc; path = "UICollectionView+CCChain_Refresh.m"; sourceTree = "<group>"; };
		707A6FDB1F59132D00DEC5C3 /* UITableView+CCChain_Refresh.h */ = {isa = PBXFileReference; fileEncoding = 4; lastKnownFileType = sourcecode.c.h; path = "UITableView+CCChain_Refresh.h"; sourceTree = "<group>"; };
		707A6FDC1F59132D00DEC5C3 /* UITableView+CCChain_Refresh.m */ = {isa = PBXFileReference; fileEncoding = 4; lastKnownFileType = sourcecode.c.objc; path = "UITableView+CCChain_Refresh.m"; sourceTree = "<group>"; };
		707A6FDF1F593ADB00DEC5C3 /* UITableView+CCChain.h */ = {isa = PBXFileReference; fileEncoding = 4; lastKnownFileType = sourcecode.c.h; path = "UITableView+CCChain.h"; sourceTree = "<group>"; };
		707A6FE01F593ADB00DEC5C3 /* UITableView+CCChain.m */ = {isa = PBXFileReference; fileEncoding = 4; lastKnownFileType = sourcecode.c.objc; path = "UITableView+CCChain.m"; sourceTree = "<group>"; };
		70AE27131F5796E20030044C /* CCChainDataBase.h */ = {isa = PBXFileReference; lastKnownFileType = sourcecode.c.h; path = CCChainDataBase.h; sourceTree = "<group>"; };
		70AE27151F5798950030044C /* CCAuthorize.h */ = {isa = PBXFileReference; fileEncoding = 4; lastKnownFileType = sourcecode.c.h; path = CCAuthorize.h; sourceTree = "<group>"; };
		70AE27161F5798950030044C /* CCAuthorize.m */ = {isa = PBXFileReference; fileEncoding = 4; lastKnownFileType = sourcecode.c.objc; path = CCAuthorize.m; sourceTree = "<group>"; };
		70AE27181F5798950030044C /* CCCommon.h */ = {isa = PBXFileReference; fileEncoding = 4; lastKnownFileType = sourcecode.c.h; path = CCCommon.h; sourceTree = "<group>"; };
		70AE27191F5798950030044C /* CCCommon.m */ = {isa = PBXFileReference; fileEncoding = 4; lastKnownFileType = sourcecode.c.objc; path = CCCommon.m; sourceTree = "<group>"; };
		70AE271A1F5798950030044C /* CCSingleton.h */ = {isa = PBXFileReference; fileEncoding = 4; lastKnownFileType = sourcecode.c.h; path = CCSingleton.h; sourceTree = "<group>"; };
		70AE271D1F57989F0030044C /* CCChainCommon.h */ = {isa = PBXFileReference; lastKnownFileType = sourcecode.c.h; path = CCChainCommon.h; sourceTree = "<group>"; };
		70AE271F1F5798A60030044C /* NSObject+CCProtocol.h */ = {isa = PBXFileReference; fileEncoding = 4; lastKnownFileType = sourcecode.c.h; path = "NSObject+CCProtocol.h"; sourceTree = "<group>"; };
		70AE27201F5798A60030044C /* NSObject+CCProtocol.m */ = {isa = PBXFileReference; fileEncoding = 4; lastKnownFileType = sourcecode.c.objc; path = "NSObject+CCProtocol.m"; sourceTree = "<group>"; };
		70AE27221F5798B80030044C /* CCChainProtocol.h */ = {isa = PBXFileReference; lastKnownFileType = sourcecode.c.h; path = CCChainProtocol.h; sourceTree = "<group>"; };
		70AE27231F5798CE0030044C /* CCChainCustom.h */ = {isa = PBXFileReference; lastKnownFileType = sourcecode.c.h; path = CCChainCustom.h; sourceTree = "<group>"; };
		70AE27261F57A1CA0030044C /* CCMediator.h */ = {isa = PBXFileReference; fileEncoding = 4; lastKnownFileType = sourcecode.c.h; path = CCMediator.h; sourceTree = "<group>"; };
		70AE27271F57A1CA0030044C /* CCMediator.m */ = {isa = PBXFileReference; fileEncoding = 4; lastKnownFileType = sourcecode.c.objc; path = CCMediator.m; sourceTree = "<group>"; };
		70AE27291F57A1D80030044C /* CCChainRouter.h */ = {isa = PBXFileReference; lastKnownFileType = sourcecode.c.h; path = CCChainRouter.h; sourceTree = "<group>"; };
		70AE272C1F57A3390030044C /* CCMediator+CCBridgeAPI.h */ = {isa = PBXFileReference; fileEncoding = 4; lastKnownFileType = sourcecode.c.h; path = "CCMediator+CCBridgeAPI.h"; sourceTree = "<group>"; };
		70AE272D1F57A3390030044C /* CCMediator+CCBridgeAPI.m */ = {isa = PBXFileReference; fileEncoding = 4; lastKnownFileType = sourcecode.c.objc; path = "CCMediator+CCBridgeAPI.m"; sourceTree = "<group>"; };
		70AE272F1F57A3390030044C /* CCBridgeRouter.h */ = {isa = PBXFileReference; fileEncoding = 4; lastKnownFileType = sourcecode.c.h; path = CCBridgeRouter.h; sourceTree = "<group>"; };
		70AE27301F57A3390030044C /* CCBridgeRouter.m */ = {isa = PBXFileReference; fileEncoding = 4; lastKnownFileType = sourcecode.c.objc; path = CCBridgeRouter.m; sourceTree = "<group>"; };
		70AE27341F57A4E80030044C /* CCNetworkMoniter.h */ = {isa = PBXFileReference; fileEncoding = 4; lastKnownFileType = sourcecode.c.h; path = CCNetworkMoniter.h; sourceTree = "<group>"; };
		70AE27351F57A4E80030044C /* CCNetworkMoniter.m */ = {isa = PBXFileReference; fileEncoding = 4; lastKnownFileType = sourcecode.c.objc; path = CCNetworkMoniter.m; sourceTree = "<group>"; };
		70AE27461F57F3270030044C /* UIFont+CCChain.h */ = {isa = PBXFileReference; fileEncoding = 4; lastKnownFileType = sourcecode.c.h; path = "UIFont+CCChain.h"; sourceTree = "<group>"; };
		70AE27471F57F3270030044C /* UIFont+CCChain.m */ = {isa = PBXFileReference; fileEncoding = 4; lastKnownFileType = sourcecode.c.objc; path = "UIFont+CCChain.m"; sourceTree = "<group>"; };
		70AE274A1F57F9980030044C /* UIImageView+CCChain_WeakNetwork.h */ = {isa = PBXFileReference; fileEncoding = 4; lastKnownFileType = sourcecode.c.h; path = "UIImageView+CCChain_WeakNetwork.h"; sourceTree = "<group>"; };
		70AE274B1F57F9980030044C /* UIImageView+CCChain_WeakNetwork.m */ = {isa = PBXFileReference; fileEncoding = 4; lastKnownFileType = sourcecode.c.objc; path = "UIImageView+CCChain_WeakNetwork.m"; sourceTree = "<group>"; };
		70AE27711F58023F0030044C /* UIImageView+CCChain.h */ = {isa = PBXFileReference; fileEncoding = 4; lastKnownFileType = sourcecode.c.h; path = "UIImageView+CCChain.h"; sourceTree = "<group>"; };
		70AE27721F58023F0030044C /* UIImageView+CCChain.m */ = {isa = PBXFileReference; fileEncoding = 4; lastKnownFileType = sourcecode.c.objc; path = "UIImageView+CCChain.m"; sourceTree = "<group>"; };
		70AE27751F580A380030044C /* UILabel+CCChain.h */ = {isa = PBXFileReference; fileEncoding = 4; lastKnownFileType = sourcecode.c.h; path = "UILabel+CCChain.h"; sourceTree = "<group>"; };
		70AE27761F580A380030044C /* UILabel+CCChain.m */ = {isa = PBXFileReference; fileEncoding = 4; lastKnownFileType = sourcecode.c.objc; path = "UILabel+CCChain.m"; sourceTree = "<group>"; };
		70C881391F46E0B80007AD62 /* UIImagePickerController+CCChain.h */ = {isa = PBXFileReference; fileEncoding = 4; lastKnownFileType = sourcecode.c.h; path = "UIImagePickerController+CCChain.h"; sourceTree = "<group>"; };
		70C8813A1F46E0B80007AD62 /* UIImagePickerController+CCChain.m */ = {isa = PBXFileReference; fileEncoding = 4; lastKnownFileType = sourcecode.c.objc; path = "UIImagePickerController+CCChain.m"; sourceTree = "<group>"; };
		70D63CD31F3C361500945CA2 /* NSArray+CCChain.h */ = {isa = PBXFileReference; fileEncoding = 4; lastKnownFileType = sourcecode.c.h; path = "NSArray+CCChain.h"; sourceTree = "<group>"; };
		70D63CD41F3C361500945CA2 /* NSArray+CCChain.m */ = {isa = PBXFileReference; fileEncoding = 4; lastKnownFileType = sourcecode.c.objc; path = "NSArray+CCChain.m"; sourceTree = "<group>"; };
		70D63CD61F3C361500945CA2 /* NSAttributedString+CCChain.h */ = {isa = PBXFileReference; fileEncoding = 4; lastKnownFileType = sourcecode.c.h; path = "NSAttributedString+CCChain.h"; sourceTree = "<group>"; };
		70D63CD71F3C361500945CA2 /* NSAttributedString+CCChain.m */ = {isa = PBXFileReference; fileEncoding = 4; lastKnownFileType = sourcecode.c.objc; path = "NSAttributedString+CCChain.m"; sourceTree = "<group>"; };
		70D63CD91F3C361500945CA2 /* NSBundle+CCChain.h */ = {isa = PBXFileReference; fileEncoding = 4; lastKnownFileType = sourcecode.c.h; path = "NSBundle+CCChain.h"; sourceTree = "<group>"; };
		70D63CDA1F3C361500945CA2 /* NSBundle+CCChain.m */ = {isa = PBXFileReference; fileEncoding = 4; lastKnownFileType = sourcecode.c.objc; path = "NSBundle+CCChain.m"; sourceTree = "<group>"; };
		70D63CDC1F3C361500945CA2 /* NSDate+CCChain.h */ = {isa = PBXFileReference; fileEncoding = 4; lastKnownFileType = sourcecode.c.h; path = "NSDate+CCChain.h"; sourceTree = "<group>"; };
		70D63CDD1F3C361500945CA2 /* NSDate+CCChain.m */ = {isa = PBXFileReference; fileEncoding = 4; lastKnownFileType = sourcecode.c.objc; path = "NSDate+CCChain.m"; sourceTree = "<group>"; };
		70D63CDF1F3C361500945CA2 /* NSDictionary+CCChain.h */ = {isa = PBXFileReference; fileEncoding = 4; lastKnownFileType = sourcecode.c.h; path = "NSDictionary+CCChain.h"; sourceTree = "<group>"; };
		70D63CE01F3C361500945CA2 /* NSDictionary+CCChain.m */ = {isa = PBXFileReference; fileEncoding = 4; lastKnownFileType = sourcecode.c.objc; path = "NSDictionary+CCChain.m"; sourceTree = "<group>"; };
		70D63CE21F3C361500945CA2 /* NSNumber+CCChain.h */ = {isa = PBXFileReference; fileEncoding = 4; lastKnownFileType = sourcecode.c.h; path = "NSNumber+CCChain.h"; sourceTree = "<group>"; };
		70D63CE31F3C361500945CA2 /* NSNumber+CCChain.m */ = {isa = PBXFileReference; fileEncoding = 4; lastKnownFileType = sourcecode.c.objc; path = "NSNumber+CCChain.m"; sourceTree = "<group>"; };
		70D63CE51F3C361500945CA2 /* NSObject+CCChain.h */ = {isa = PBXFileReference; fileEncoding = 4; lastKnownFileType = sourcecode.c.h; path = "NSObject+CCChain.h"; sourceTree = "<group>"; };
		70D63CE61F3C361500945CA2 /* NSObject+CCChain.m */ = {isa = PBXFileReference; fileEncoding = 4; lastKnownFileType = sourcecode.c.objc; path = "NSObject+CCChain.m"; sourceTree = "<group>"; };
		70D63CE81F3C361500945CA2 /* NSPredicate+CCChain.h */ = {isa = PBXFileReference; fileEncoding = 4; lastKnownFileType = sourcecode.c.h; path = "NSPredicate+CCChain.h"; sourceTree = "<group>"; };
		70D63CE91F3C361500945CA2 /* NSPredicate+CCChain.m */ = {isa = PBXFileReference; fileEncoding = 4; lastKnownFileType = sourcecode.c.objc; path = "NSPredicate+CCChain.m"; sourceTree = "<group>"; };
		70D63CEB1F3C361500945CA2 /* NSString+CCChain.h */ = {isa = PBXFileReference; fileEncoding = 4; lastKnownFileType = sourcecode.c.h; path = "NSString+CCChain.h"; sourceTree = "<group>"; };
		70D63CEC1F3C361500945CA2 /* NSString+CCChain.m */ = {isa = PBXFileReference; fileEncoding = 4; lastKnownFileType = sourcecode.c.objc; path = "NSString+CCChain.m"; sourceTree = "<group>"; };
		70D63CF31F3C361500945CA2 /* CCRuntime.h */ = {isa = PBXFileReference; fileEncoding = 4; lastKnownFileType = sourcecode.c.h; path = CCRuntime.h; sourceTree = "<group>"; };
		70D63CF41F3C361500945CA2 /* CCRuntime.m */ = {isa = PBXFileReference; fileEncoding = 4; lastKnownFileType = sourcecode.c.objc; path = CCRuntime.m; sourceTree = "<group>"; };
		70D63CF71F3C361500945CA2 /* MBProgressHUD+CCChain.h */ = {isa = PBXFileReference; fileEncoding = 4; lastKnownFileType = sourcecode.c.h; path = "MBProgressHUD+CCChain.h"; sourceTree = "<group>"; };
		70D63CF81F3C361500945CA2 /* MBProgressHUD+CCChain.m */ = {isa = PBXFileReference; fileEncoding = 4; lastKnownFileType = sourcecode.c.objc; path = "MBProgressHUD+CCChain.m"; sourceTree = "<group>"; };
		70D63CFA1F3C361500945CA2 /* UIAlertController+CCChain.h */ = {isa = PBXFileReference; fileEncoding = 4; lastKnownFileType = sourcecode.c.h; path = "UIAlertController+CCChain.h"; sourceTree = "<group>"; };
		70D63CFB1F3C361500945CA2 /* UIAlertController+CCChain.m */ = {isa = PBXFileReference; fileEncoding = 4; lastKnownFileType = sourcecode.c.objc; path = "UIAlertController+CCChain.m"; sourceTree = "<group>"; };
		70D63CFD1F3C361500945CA2 /* UIBarButtonItem+CCChain.h */ = {isa = PBXFileReference; fileEncoding = 4; lastKnownFileType = sourcecode.c.h; path = "UIBarButtonItem+CCChain.h"; sourceTree = "<group>"; };
		70D63CFE1F3C361500945CA2 /* UIBarButtonItem+CCChain.m */ = {isa = PBXFileReference; fileEncoding = 4; lastKnownFileType = sourcecode.c.objc; path = "UIBarButtonItem+CCChain.m"; sourceTree = "<group>"; };
		70D63D001F3C361500945CA2 /* UIButton+CCChain.h */ = {isa = PBXFileReference; fileEncoding = 4; lastKnownFileType = sourcecode.c.h; path = "UIButton+CCChain.h"; sourceTree = "<group>"; };
		70D63D011F3C361500945CA2 /* UIButton+CCChain.m */ = {isa = PBXFileReference; fileEncoding = 4; lastKnownFileType = sourcecode.c.objc; path = "UIButton+CCChain.m"; sourceTree = "<group>"; };
		70D63D031F3C361500945CA2 /* UICollectionView+CCChain.h */ = {isa = PBXFileReference; fileEncoding = 4; lastKnownFileType = sourcecode.c.h; path = "UICollectionView+CCChain.h"; sourceTree = "<group>"; };
		70D63D041F3C361500945CA2 /* UICollectionView+CCChain.m */ = {isa = PBXFileReference; fileEncoding = 4; lastKnownFileType = sourcecode.c.objc; path = "UICollectionView+CCChain.m"; sourceTree = "<group>"; };
		70D63D061F3C361500945CA2 /* UIColor+CCChain.h */ = {isa = PBXFileReference; fileEncoding = 4; lastKnownFileType = sourcecode.c.h; path = "UIColor+CCChain.h"; sourceTree = "<group>"; };
		70D63D071F3C361500945CA2 /* UIColor+CCChain.m */ = {isa = PBXFileReference; fileEncoding = 4; lastKnownFileType = sourcecode.c.objc; path = "UIColor+CCChain.m"; sourceTree = "<group>"; };
		70D63D091F3C361500945CA2 /* UIControl+CCChain.h */ = {isa = PBXFileReference; fileEncoding = 4; lastKnownFileType = sourcecode.c.h; path = "UIControl+CCChain.h"; sourceTree = "<group>"; };
		70D63D0A1F3C361500945CA2 /* UIControl+CCChain.m */ = {isa = PBXFileReference; fileEncoding = 4; lastKnownFileType = sourcecode.c.objc; path = "UIControl+CCChain.m"; sourceTree = "<group>"; };
		70D63D0C1F3C361500945CA2 /* UIGestureRecognizer+CCChain.h */ = {isa = PBXFileReference; fileEncoding = 4; lastKnownFileType = sourcecode.c.h; path = "UIGestureRecognizer+CCChain.h"; sourceTree = "<group>"; };
		70D63D0D1F3C361500945CA2 /* UIGestureRecognizer+CCChain.m */ = {isa = PBXFileReference; fileEncoding = 4; lastKnownFileType = sourcecode.c.objc; path = "UIGestureRecognizer+CCChain.m"; sourceTree = "<group>"; };
		70D63D0F1F3C361500945CA2 /* UIImage+CCChain.h */ = {isa = PBXFileReference; fileEncoding = 4; lastKnownFileType = sourcecode.c.h; path = "UIImage+CCChain.h"; sourceTree = "<group>"; };
		70D63D101F3C361500945CA2 /* UIImage+CCChain.m */ = {isa = PBXFileReference; fileEncoding = 4; lastKnownFileType = sourcecode.c.objc; path = "UIImage+CCChain.m"; sourceTree = "<group>"; };
		70D63D121F3C361500945CA2 /* UIView+CCChain.h */ = {isa = PBXFileReference; fileEncoding = 4; lastKnownFileType = sourcecode.c.h; path = "UIView+CCChain.h"; sourceTree = "<group>"; };
		70D63D131F3C361500945CA2 /* UIView+CCChain.m */ = {isa = PBXFileReference; fileEncoding = 4; lastKnownFileType = sourcecode.c.objc; path = "UIView+CCChain.m"; sourceTree = "<group>"; };
		70D63D2C1F3C362700945CA2 /* CCChainKit.h */ = {isa = PBXFileReference; lastKnownFileType = sourcecode.c.h; path = CCChainKit.h; sourceTree = "<group>"; };
		70D63D2D1F3C41A400945CA2 /* CCChainData.h */ = {isa = PBXFileReference; lastKnownFileType = sourcecode.c.h; path = CCChainData.h; sourceTree = "<group>"; };
		70D63D2E1F3C41B400945CA2 /* CCChainView.h */ = {isa = PBXFileReference; lastKnownFileType = sourcecode.c.h; path = CCChainView.h; sourceTree = "<group>"; };
		70D63D2F1F3C41F400945CA2 /* CCChainRuntime.h */ = {isa = PBXFileReference; lastKnownFileType = sourcecode.c.h; path = CCChainRuntime.h; sourceTree = "<group>"; };
		70D63D311F3C4CC200945CA2 /* NSTimer+CCChain.h */ = {isa = PBXFileReference; fileEncoding = 4; lastKnownFileType = sourcecode.c.h; path = "NSTimer+CCChain.h"; sourceTree = "<group>"; };
		70D63D321F3C4CC200945CA2 /* NSTimer+CCChain.m */ = {isa = PBXFileReference; fileEncoding = 4; lastKnownFileType = sourcecode.c.objc; path = "NSTimer+CCChain.m"; sourceTree = "<group>"; };
		71719F9E1E33DC2100824A3D /* Base */ = {isa = PBXFileReference; lastKnownFileType = file.storyboard; name = Base; path = Base.lproj/LaunchScreen.storyboard; sourceTree = "<group>"; };
		7B8E8CDA998BCBD8FB075B87 /* Pods-CCChainKit_Example.release.xcconfig */ = {isa = PBXFileReference; includeInIndex = 1; lastKnownFileType = text.xcconfig; name = "Pods-CCChainKit_Example.release.xcconfig"; path = "Pods/Target Support Files/Pods-CCChainKit_Example/Pods-CCChainKit_Example.release.xcconfig"; sourceTree = "<group>"; };
		873B8AEA1B1F5CCA007FD442 /* Main.storyboard */ = {isa = PBXFileReference; fileEncoding = 4; lastKnownFileType = file.storyboard; name = Main.storyboard; path = Base.lproj/Main.storyboard; sourceTree = "<group>"; };
		9295153D523FC54A8D0CE2EC /* Pods-CCChainKit_Tests.release.xcconfig */ = {isa = PBXFileReference; includeInIndex = 1; lastKnownFileType = text.xcconfig; name = "Pods-CCChainKit_Tests.release.xcconfig"; path = "Pods/Target Support Files/Pods-CCChainKit_Tests/Pods-CCChainKit_Tests.release.xcconfig"; sourceTree = "<group>"; };
		B726FD153185396AA46BB60B /* CCChainKit.podspec */ = {isa = PBXFileReference; includeInIndex = 1; lastKnownFileType = text; name = CCChainKit.podspec; path = ../CCChainKit.podspec; sourceTree = "<group>"; };
		C097BD1F208A5060168ECC6A /* Pods_CCChainKit_Tests.framework */ = {isa = PBXFileReference; explicitFileType = wrapper.framework; includeInIndex = 0; path = Pods_CCChainKit_Tests.framework; sourceTree = BUILT_PRODUCTS_DIR; };
		CA6284D8E20459080E3932EA /* LICENSE */ = {isa = PBXFileReference; includeInIndex = 1; lastKnownFileType = text; name = LICENSE; path = ../LICENSE; sourceTree = "<group>"; };
		DF67084463EBA8E27CDBFF1C /* README.md */ = {isa = PBXFileReference; includeInIndex = 1; lastKnownFileType = net.daringfireball.markdown; name = README.md; path = ../README.md; sourceTree = "<group>"; };
		E9A5CAE8C18DAAD493482DBC /* Pods-CCChainKit_Example.debug.xcconfig */ = {isa = PBXFileReference; includeInIndex = 1; lastKnownFileType = text.xcconfig; name = "Pods-CCChainKit_Example.debug.xcconfig"; path = "Pods/Target Support Files/Pods-CCChainKit_Example/Pods-CCChainKit_Example.debug.xcconfig"; sourceTree = "<group>"; };
		F1DAC55CBE883A0E3AF952BD /* Pods_CCChainKit_Example.framework */ = {isa = PBXFileReference; explicitFileType = wrapper.framework; includeInIndex = 0; path = Pods_CCChainKit_Example.framework; sourceTree = BUILT_PRODUCTS_DIR; };
/* End PBXFileReference section */

/* Begin PBXFrameworksBuildPhase section */
		6003F587195388D20070C39A /* Frameworks */ = {
			isa = PBXFrameworksBuildPhase;
			buildActionMask = 2147483647;
			files = (
				6003F590195388D20070C39A /* CoreGraphics.framework in Frameworks */,
				6003F592195388D20070C39A /* UIKit.framework in Frameworks */,
				6003F58E195388D20070C39A /* Foundation.framework in Frameworks */,
				7E337B412AB1404489C6F112 /* Pods_CCChainKit_Example.framework in Frameworks */,
			);
			runOnlyForDeploymentPostprocessing = 0;
		};
		6003F5AB195388D20070C39A /* Frameworks */ = {
			isa = PBXFrameworksBuildPhase;
			buildActionMask = 2147483647;
			files = (
				6003F5B0195388D20070C39A /* XCTest.framework in Frameworks */,
				6003F5B2195388D20070C39A /* UIKit.framework in Frameworks */,
				6003F5B1195388D20070C39A /* Foundation.framework in Frameworks */,
				4FB4DD77B5BA32B23EE5373F /* Pods_CCChainKit_Tests.framework in Frameworks */,
			);
			runOnlyForDeploymentPostprocessing = 0;
		};
/* End PBXFrameworksBuildPhase section */

/* Begin PBXGroup section */
		3780F2801F51EA56009B5C8C /* WKWebView */ = {
			isa = PBXGroup;
			children = (
				3780F2811F51EA6F009B5C8C /* WKWebView+CCChain.h */,
				3780F2821F51EA6F009B5C8C /* WKWebView+CCChain.m */,
			);
			path = WKWebView;
			sourceTree = "<group>";
		};
		37D862861F507DA900417F5F /* CCCustom */ = {
			isa = PBXGroup;
			children = (
				70AE27231F5798CE0030044C /* CCChainCustom.h */,
				70AE27491F57F97D0030044C /* CCWeakNetImageView */,
				70AE27331F57A4E80030044C /* CCNetworkMoniter */,
				37D862871F507DED00417F5F /* CCEasyWebView */,
				707A6FD61F5912FF00DEC5C3 /* UICollectionView */,
				707A6FD71F5912FF00DEC5C3 /* UITableView */,
			);
			path = CCCustom;
			sourceTree = "<group>";
		};
		37D862871F507DED00417F5F /* CCEasyWebView */ = {
			isa = PBXGroup;
			children = (
				37D862881F507DFA00417F5F /* CCEasyWebView.h */,
				37D862891F507DFA00417F5F /* CCEasyWebView.m */,
			);
			path = CCEasyWebView;
			sourceTree = "<group>";
		};
		6003F581195388D10070C39A = {
			isa = PBXGroup;
			children = (
				60FF7A9C1954A5C5007DD14C /* Podspec Metadata */,
				6003F593195388D20070C39A /* Example for CCChainKit */,
				6003F5B5195388D20070C39A /* Tests */,
				6003F58C195388D20070C39A /* Frameworks */,
				6003F58B195388D20070C39A /* Products */,
				BBC439B42938937EA648FF94 /* Pods */,
			);
			sourceTree = "<group>";
		};
		6003F58B195388D20070C39A /* Products */ = {
			isa = PBXGroup;
			children = (
				6003F58A195388D20070C39A /* CCChainKit_Example.app */,
				6003F5AE195388D20070C39A /* CCChainKit_Tests.xctest */,
			);
			name = Products;
			sourceTree = "<group>";
		};
		6003F58C195388D20070C39A /* Frameworks */ = {
			isa = PBXGroup;
			children = (
				6003F58D195388D20070C39A /* Foundation.framework */,
				6003F58F195388D20070C39A /* CoreGraphics.framework */,
				6003F591195388D20070C39A /* UIKit.framework */,
				6003F5AF195388D20070C39A /* XCTest.framework */,
				F1DAC55CBE883A0E3AF952BD /* Pods_CCChainKit_Example.framework */,
				C097BD1F208A5060168ECC6A /* Pods_CCChainKit_Tests.framework */,
			);
			name = Frameworks;
			sourceTree = "<group>";
		};
		6003F593195388D20070C39A /* Example for CCChainKit */ = {
			isa = PBXGroup;
			children = (
				70D63CC71F3C361500945CA2 /* CCChainKit */,
				6003F59C195388D20070C39A /* CCAppDelegate.h */,
				6003F59D195388D20070C39A /* CCAppDelegate.m */,
				873B8AEA1B1F5CCA007FD442 /* Main.storyboard */,
				6003F5A5195388D20070C39A /* CCViewController.h */,
				6003F5A6195388D20070C39A /* CCViewController.m */,
				71719F9D1E33DC2100824A3D /* LaunchScreen.storyboard */,
				6003F5A8195388D20070C39A /* Images.xcassets */,
				6003F594195388D20070C39A /* Supporting Files */,
			);
			name = "Example for CCChainKit";
			path = CCChainKit;
			sourceTree = "<group>";
		};
		6003F594195388D20070C39A /* Supporting Files */ = {
			isa = PBXGroup;
			children = (
				6003F595195388D20070C39A /* CCChainKit-Info.plist */,
				6003F596195388D20070C39A /* InfoPlist.strings */,
				6003F599195388D20070C39A /* main.m */,
				6003F59B195388D20070C39A /* CCChainKit-Prefix.pch */,
			);
			name = "Supporting Files";
			sourceTree = "<group>";
		};
		6003F5B5195388D20070C39A /* Tests */ = {
			isa = PBXGroup;
			children = (
				6003F5BB195388D20070C39A /* Tests.m */,
				6003F5B6195388D20070C39A /* Supporting Files */,
			);
			path = Tests;
			sourceTree = "<group>";
		};
		6003F5B6195388D20070C39A /* Supporting Files */ = {
			isa = PBXGroup;
			children = (
				6003F5B7195388D20070C39A /* Tests-Info.plist */,
				6003F5B8195388D20070C39A /* InfoPlist.strings */,
				606FC2411953D9B200FFA9A0 /* Tests-Prefix.pch */,
			);
			name = "Supporting Files";
			sourceTree = "<group>";
		};
		60FF7A9C1954A5C5007DD14C /* Podspec Metadata */ = {
			isa = PBXGroup;
			children = (
				B726FD153185396AA46BB60B /* CCChainKit.podspec */,
				DF67084463EBA8E27CDBFF1C /* README.md */,
				CA6284D8E20459080E3932EA /* LICENSE */,
			);
			name = "Podspec Metadata";
			sourceTree = "<group>";
		};
		701404C71F5696C400830DAA /* CCDataBase */ = {
			isa = PBXGroup;
			children = (
				70AE27131F5796E20030044C /* CCChainDataBase.h */,
				701404CC1F56978600830DAA /* CCRealmHandler */,
				701404C81F5696C400830DAA /* CCBaseRLMEntity */,
			);
			path = CCDataBase;
			sourceTree = "<group>";
		};
		701404C81F5696C400830DAA /* CCBaseRLMEntity */ = {
			isa = PBXGroup;
			children = (
				701404C91F5696C400830DAA /* CCRLMBaseModel.h */,
				701404CA1F5696C400830DAA /* CCRLMBaseModel.m */,
			);
			path = CCBaseRLMEntity;
			sourceTree = "<group>";
		};
		701404CC1F56978600830DAA /* CCRealmHandler */ = {
			isa = PBXGroup;
			children = (
				701404CD1F56979200830DAA /* CCRealmHandler.h */,
				701404CE1F56979200830DAA /* CCRealmHandler.m */,
			);
			path = CCRealmHandler;
			sourceTree = "<group>";
		};
		707A6FCE1F59056300DEC5C3 /* UINavigationItem */ = {
			isa = PBXGroup;
			children = (
				707A6FCF1F59058100DEC5C3 /* UINavigationItem+CCChain.h */,
				707A6FD01F59058100DEC5C3 /* UINavigationItem+CCChain.m */,
			);
			path = UINavigationItem;
			sourceTree = "<group>";
		};
		707A6FD21F590B2900DEC5C3 /* UIScrollView */ = {
			isa = PBXGroup;
			children = (
				707A6FD31F590B4300DEC5C3 /* UIScrollView+CCChain.h */,
				707A6FD41F590B4300DEC5C3 /* UIScrollView+CCChain.m */,
			);
			path = UIScrollView;
			sourceTree = "<group>";
		};
		707A6FD61F5912FF00DEC5C3 /* UICollectionView */ = {
			isa = PBXGroup;
			children = (
				707A6FD81F59131D00DEC5C3 /* UICollectionView+CCChain_Refresh.h */,
				707A6FD91F59131D00DEC5C3 /* UICollectionView+CCChain_Refresh.m */,
			);
			path = UICollectionView;
			sourceTree = "<group>";
		};
		707A6FD71F5912FF00DEC5C3 /* UITableView */ = {
			isa = PBXGroup;
			children = (
				707A6FDB1F59132D00DEC5C3 /* UITableView+CCChain_Refresh.h */,
				707A6FDC1F59132D00DEC5C3 /* UITableView+CCChain_Refresh.m */,
			);
			path = UITableView;
			sourceTree = "<group>";
		};
		707A6FDE1F593AC600DEC5C3 /* UITableView */ = {
			isa = PBXGroup;
			children = (
				707A6FDF1F593ADB00DEC5C3 /* UITableView+CCChain.h */,
				707A6FE01F593ADB00DEC5C3 /* UITableView+CCChain.m */,
			);
			path = UITableView;
			sourceTree = "<group>";
		};
		70AE27141F5798950030044C /* CCAuthorize */ = {
			isa = PBXGroup;
			children = (
				70AE27151F5798950030044C /* CCAuthorize.h */,
				70AE27161F5798950030044C /* CCAuthorize.m */,
			);
			path = CCAuthorize;
			sourceTree = "<group>";
		};
		70AE27171F5798950030044C /* CCCommon */ = {
			isa = PBXGroup;
			children = (
				70AE27181F5798950030044C /* CCCommon.h */,
				70AE27191F5798950030044C /* CCCommon.m */,
				70AE271A1F5798950030044C /* CCSingleton.h */,
			);
			path = CCCommon;
			sourceTree = "<group>";
		};
		70AE271E1F5798A60030044C /* NSObject */ = {
			isa = PBXGroup;
			children = (
				70AE271F1F5798A60030044C /* NSObject+CCProtocol.h */,
				70AE27201F5798A60030044C /* NSObject+CCProtocol.m */,
			);
			path = NSObject;
			sourceTree = "<group>";
		};
		70AE27241F57A1CA0030044C /* CCRouter */ = {
			isa = PBXGroup;
			children = (
				70AE27291F57A1D80030044C /* CCChainRouter.h */,
				70AE272A1F57A3390030044C /* CCBridgeMGJ */,
				70AE27251F57A1CA0030044C /* CCMediator */,
			);
			path = CCRouter;
			sourceTree = "<group>";
		};
		70AE27251F57A1CA0030044C /* CCMediator */ = {
			isa = PBXGroup;
			children = (
				70AE27261F57A1CA0030044C /* CCMediator.h */,
				70AE27271F57A1CA0030044C /* CCMediator.m */,
			);
			path = CCMediator;
			sourceTree = "<group>";
		};
		70AE272A1F57A3390030044C /* CCBridgeMGJ */ = {
			isa = PBXGroup;
			children = (
				70AE272B1F57A3390030044C /* CCAPI */,
				70AE272E1F57A3390030044C /* CCBridgeRouter */,
			);
			path = CCBridgeMGJ;
			sourceTree = "<group>";
		};
		70AE272B1F57A3390030044C /* CCAPI */ = {
			isa = PBXGroup;
			children = (
				70AE272C1F57A3390030044C /* CCMediator+CCBridgeAPI.h */,
				70AE272D1F57A3390030044C /* CCMediator+CCBridgeAPI.m */,
			);
			path = CCAPI;
			sourceTree = "<group>";
		};
		70AE272E1F57A3390030044C /* CCBridgeRouter */ = {
			isa = PBXGroup;
			children = (
				70AE272F1F57A3390030044C /* CCBridgeRouter.h */,
				70AE27301F57A3390030044C /* CCBridgeRouter.m */,
			);
			path = CCBridgeRouter;
			sourceTree = "<group>";
		};
		70AE27331F57A4E80030044C /* CCNetworkMoniter */ = {
			isa = PBXGroup;
			children = (
				70AE27341F57A4E80030044C /* CCNetworkMoniter.h */,
				70AE27351F57A4E80030044C /* CCNetworkMoniter.m */,
			);
			path = CCNetworkMoniter;
			sourceTree = "<group>";
		};
		70AE27451F57F30D0030044C /* UIFont */ = {
			isa = PBXGroup;
			children = (
				70AE27461F57F3270030044C /* UIFont+CCChain.h */,
				70AE27471F57F3270030044C /* UIFont+CCChain.m */,
			);
			path = UIFont;
			sourceTree = "<group>";
		};
		70AE27491F57F97D0030044C /* CCWeakNetImageView */ = {
			isa = PBXGroup;
			children = (
				70AE274A1F57F9980030044C /* UIImageView+CCChain_WeakNetwork.h */,
				70AE274B1F57F9980030044C /* UIImageView+CCChain_WeakNetwork.m */,
			);
			path = CCWeakNetImageView;
			sourceTree = "<group>";
		};
		70AE27701F5802300030044C /* UIImageView */ = {
			isa = PBXGroup;
			children = (
				70AE27711F58023F0030044C /* UIImageView+CCChain.h */,
				70AE27721F58023F0030044C /* UIImageView+CCChain.m */,
			);
			path = UIImageView;
			sourceTree = "<group>";
		};
		70AE27741F580A240030044C /* UILabel */ = {
			isa = PBXGroup;
			children = (
				70AE27751F580A380030044C /* UILabel+CCChain.h */,
				70AE27761F580A380030044C /* UILabel+CCChain.m */,
			);
			path = UILabel;
			sourceTree = "<group>";
		};
		70C881381F46E0960007AD62 /* UIImagePickerController */ = {
			isa = PBXGroup;
			children = (
				70C881391F46E0B80007AD62 /* UIImagePickerController+CCChain.h */,
				70C8813A1F46E0B80007AD62 /* UIImagePickerController+CCChain.m */,
			);
			path = UIImagePickerController;
			sourceTree = "<group>";
		};
		70D63CC71F3C361500945CA2 /* CCChainKit */ = {
			isa = PBXGroup;
			children = (
				70D63CCA1F3C361500945CA2 /* Classes */,
			);
			name = CCChainKit;
			path = ../../CCChainKit;
			sourceTree = "<group>";
		};
		70D63CCA1F3C361500945CA2 /* Classes */ = {
			isa = PBXGroup;
			children = (
				70D63D2C1F3C362700945CA2 /* CCChainKit.h */,
				70D63CCC1F3C361500945CA2 /* CCChainOperate */,
			);
			path = Classes;
			sourceTree = "<group>";
		};
		70D63CCC1F3C361500945CA2 /* CCChainOperate */ = {
			isa = PBXGroup;
			children = (
				70AE27241F57A1CA0030044C /* CCRouter */,
				701404C71F5696C400830DAA /* CCDataBase */,
				70D63CED1F3C361500945CA2 /* CCProtocol */,
				70D63CCD1F3C361500945CA2 /* CCCommon */,
				70D63CD11F3C361500945CA2 /* CCData */,
				70D63CF11F3C361500945CA2 /* CCRuntime */,
				70D63CF51F3C361500945CA2 /* CCView */,
				37D862861F507DA900417F5F /* CCCustom */,
			);
			path = CCChainOperate;
			sourceTree = "<group>";
		};
		70D63CCD1F3C361500945CA2 /* CCCommon */ = {
			isa = PBXGroup;
			children = (
				70AE271D1F57989F0030044C /* CCChainCommon.h */,
				70AE27141F5798950030044C /* CCAuthorize */,
				70AE27171F5798950030044C /* CCCommon */,
			);
			path = CCCommon;
			sourceTree = "<group>";
		};
		70D63CD11F3C361500945CA2 /* CCData */ = {
			isa = PBXGroup;
			children = (
				70D63D2D1F3C41A400945CA2 /* CCChainData.h */,
				70D63D301F3C4CB200945CA2 /* NSTimer */,
				70D63CD21F3C361500945CA2 /* NSArray */,
				70D63CD51F3C361500945CA2 /* NSAttributedString */,
				70D63CD81F3C361500945CA2 /* NSBundle */,
				70D63CDB1F3C361500945CA2 /* NSDate */,
				70D63CDE1F3C361500945CA2 /* NSDictionary */,
				70D63CE11F3C361500945CA2 /* NSNumber */,
				70D63CE41F3C361500945CA2 /* NSObject */,
				70D63CE71F3C361500945CA2 /* NSPredicate */,
				70D63CEA1F3C361500945CA2 /* NSString */,
			);
			path = CCData;
			sourceTree = "<group>";
		};
		70D63CD21F3C361500945CA2 /* NSArray */ = {
			isa = PBXGroup;
			children = (
				70D63CD31F3C361500945CA2 /* NSArray+CCChain.h */,
				70D63CD41F3C361500945CA2 /* NSArray+CCChain.m */,
			);
			path = NSArray;
			sourceTree = "<group>";
		};
		70D63CD51F3C361500945CA2 /* NSAttributedString */ = {
			isa = PBXGroup;
			children = (
				70D63CD61F3C361500945CA2 /* NSAttributedString+CCChain.h */,
				70D63CD71F3C361500945CA2 /* NSAttributedString+CCChain.m */,
			);
			path = NSAttributedString;
			sourceTree = "<group>";
		};
		70D63CD81F3C361500945CA2 /* NSBundle */ = {
			isa = PBXGroup;
			children = (
				70D63CD91F3C361500945CA2 /* NSBundle+CCChain.h */,
				70D63CDA1F3C361500945CA2 /* NSBundle+CCChain.m */,
			);
			path = NSBundle;
			sourceTree = "<group>";
		};
		70D63CDB1F3C361500945CA2 /* NSDate */ = {
			isa = PBXGroup;
			children = (
				70D63CDC1F3C361500945CA2 /* NSDate+CCChain.h */,
				70D63CDD1F3C361500945CA2 /* NSDate+CCChain.m */,
			);
			path = NSDate;
			sourceTree = "<group>";
		};
		70D63CDE1F3C361500945CA2 /* NSDictionary */ = {
			isa = PBXGroup;
			children = (
				70D63CDF1F3C361500945CA2 /* NSDictionary+CCChain.h */,
				70D63CE01F3C361500945CA2 /* NSDictionary+CCChain.m */,
			);
			path = NSDictionary;
			sourceTree = "<group>";
		};
		70D63CE11F3C361500945CA2 /* NSNumber */ = {
			isa = PBXGroup;
			children = (
				70D63CE21F3C361500945CA2 /* NSNumber+CCChain.h */,
				70D63CE31F3C361500945CA2 /* NSNumber+CCChain.m */,
			);
			path = NSNumber;
			sourceTree = "<group>";
		};
		70D63CE41F3C361500945CA2 /* NSObject */ = {
			isa = PBXGroup;
			children = (
				70D63CE51F3C361500945CA2 /* NSObject+CCChain.h */,
				70D63CE61F3C361500945CA2 /* NSObject+CCChain.m */,
			);
			path = NSObject;
			sourceTree = "<group>";
		};
		70D63CE71F3C361500945CA2 /* NSPredicate */ = {
			isa = PBXGroup;
			children = (
				70D63CE81F3C361500945CA2 /* NSPredicate+CCChain.h */,
				70D63CE91F3C361500945CA2 /* NSPredicate+CCChain.m */,
			);
			path = NSPredicate;
			sourceTree = "<group>";
		};
		70D63CEA1F3C361500945CA2 /* NSString */ = {
			isa = PBXGroup;
			children = (
				70D63CEB1F3C361500945CA2 /* NSString+CCChain.h */,
				70D63CEC1F3C361500945CA2 /* NSString+CCChain.m */,
			);
			path = NSString;
			sourceTree = "<group>";
		};
		70D63CED1F3C361500945CA2 /* CCProtocol */ = {
			isa = PBXGroup;
			children = (
				70AE27221F5798B80030044C /* CCChainProtocol.h */,
				70AE271E1F5798A60030044C /* NSObject */,
			);
			path = CCProtocol;
			sourceTree = "<group>";
		};
		70D63CF11F3C361500945CA2 /* CCRuntime */ = {
			isa = PBXGroup;
			children = (
				70D63D2F1F3C41F400945CA2 /* CCChainRuntime.h */,
				70D63CF21F3C361500945CA2 /* NSObject */,
			);
			path = CCRuntime;
			sourceTree = "<group>";
		};
		70D63CF21F3C361500945CA2 /* NSObject */ = {
			isa = PBXGroup;
			children = (
				70D63CF31F3C361500945CA2 /* CCRuntime.h */,
				70D63CF41F3C361500945CA2 /* CCRuntime.m */,
			);
			path = NSObject;
			sourceTree = "<group>";
		};
		70D63CF51F3C361500945CA2 /* CCView */ = {
			isa = PBXGroup;
			children = (
				70D63D2E1F3C41B400945CA2 /* CCChainView.h */,
				70D63D111F3C361500945CA2 /* UIView */,
				3780F2801F51EA56009B5C8C /* WKWebView */,
				70D63CF61F3C361500945CA2 /* MBProgressHud */,
				70D63CF91F3C361500945CA2 /* UIAlertController */,
				70D63CFC1F3C361500945CA2 /* UIBarButtonItem */,
				70D63CFF1F3C361500945CA2 /* UIButton */,
				70D63D021F3C361500945CA2 /* UICollectionView */,
				70D63D051F3C361500945CA2 /* UIColor */,
				70D63D081F3C361500945CA2 /* UIControl */,
				70D63D0B1F3C361500945CA2 /* UIGestureRecognizer */,
				70D63D0E1F3C361500945CA2 /* UIImage */,
				70C881381F46E0960007AD62 /* UIImagePickerController */,
				70AE27451F57F30D0030044C /* UIFont */,
				70AE27701F5802300030044C /* UIImageView */,
				70AE27741F580A240030044C /* UILabel */,
				707A6FCE1F59056300DEC5C3 /* UINavigationItem */,
				707A6FD21F590B2900DEC5C3 /* UIScrollView */,
				707A6FDE1F593AC600DEC5C3 /* UITableView */,
			);
			path = CCView;
			sourceTree = "<group>";
		};
		70D63CF61F3C361500945CA2 /* MBProgressHud */ = {
			isa = PBXGroup;
			children = (
				70D63CF71F3C361500945CA2 /* MBProgressHUD+CCChain.h */,
				70D63CF81F3C361500945CA2 /* MBProgressHUD+CCChain.m */,
			);
			path = MBProgressHud;
			sourceTree = "<group>";
		};
		70D63CF91F3C361500945CA2 /* UIAlertController */ = {
			isa = PBXGroup;
			children = (
				70D63CFA1F3C361500945CA2 /* UIAlertController+CCChain.h */,
				70D63CFB1F3C361500945CA2 /* UIAlertController+CCChain.m */,
			);
			path = UIAlertController;
			sourceTree = "<group>";
		};
		70D63CFC1F3C361500945CA2 /* UIBarButtonItem */ = {
			isa = PBXGroup;
			children = (
				70D63CFD1F3C361500945CA2 /* UIBarButtonItem+CCChain.h */,
				70D63CFE1F3C361500945CA2 /* UIBarButtonItem+CCChain.m */,
			);
			path = UIBarButtonItem;
			sourceTree = "<group>";
		};
		70D63CFF1F3C361500945CA2 /* UIButton */ = {
			isa = PBXGroup;
			children = (
				70D63D001F3C361500945CA2 /* UIButton+CCChain.h */,
				70D63D011F3C361500945CA2 /* UIButton+CCChain.m */,
			);
			path = UIButton;
			sourceTree = "<group>";
		};
		70D63D021F3C361500945CA2 /* UICollectionView */ = {
			isa = PBXGroup;
			children = (
				70D63D031F3C361500945CA2 /* UICollectionView+CCChain.h */,
				70D63D041F3C361500945CA2 /* UICollectionView+CCChain.m */,
			);
			path = UICollectionView;
			sourceTree = "<group>";
		};
		70D63D051F3C361500945CA2 /* UIColor */ = {
			isa = PBXGroup;
			children = (
				70D63D061F3C361500945CA2 /* UIColor+CCChain.h */,
				70D63D071F3C361500945CA2 /* UIColor+CCChain.m */,
			);
			path = UIColor;
			sourceTree = "<group>";
		};
		70D63D081F3C361500945CA2 /* UIControl */ = {
			isa = PBXGroup;
			children = (
				70D63D091F3C361500945CA2 /* UIControl+CCChain.h */,
				70D63D0A1F3C361500945CA2 /* UIControl+CCChain.m */,
			);
			path = UIControl;
			sourceTree = "<group>";
		};
		70D63D0B1F3C361500945CA2 /* UIGestureRecognizer */ = {
			isa = PBXGroup;
			children = (
				70D63D0C1F3C361500945CA2 /* UIGestureRecognizer+CCChain.h */,
				70D63D0D1F3C361500945CA2 /* UIGestureRecognizer+CCChain.m */,
			);
			path = UIGestureRecognizer;
			sourceTree = "<group>";
		};
		70D63D0E1F3C361500945CA2 /* UIImage */ = {
			isa = PBXGroup;
			children = (
				70D63D0F1F3C361500945CA2 /* UIImage+CCChain.h */,
				70D63D101F3C361500945CA2 /* UIImage+CCChain.m */,
			);
			path = UIImage;
			sourceTree = "<group>";
		};
		70D63D111F3C361500945CA2 /* UIView */ = {
			isa = PBXGroup;
			children = (
				70D63D121F3C361500945CA2 /* UIView+CCChain.h */,
				70D63D131F3C361500945CA2 /* UIView+CCChain.m */,
			);
			path = UIView;
			sourceTree = "<group>";
		};
		70D63D301F3C4CB200945CA2 /* NSTimer */ = {
			isa = PBXGroup;
			children = (
				70D63D311F3C4CC200945CA2 /* NSTimer+CCChain.h */,
				70D63D321F3C4CC200945CA2 /* NSTimer+CCChain.m */,
			);
			path = NSTimer;
			sourceTree = "<group>";
		};
		BBC439B42938937EA648FF94 /* Pods */ = {
			isa = PBXGroup;
			children = (
				E9A5CAE8C18DAAD493482DBC /* Pods-CCChainKit_Example.debug.xcconfig */,
				7B8E8CDA998BCBD8FB075B87 /* Pods-CCChainKit_Example.release.xcconfig */,
				2DDD8D1109EDCB35A1DAF804 /* Pods-CCChainKit_Tests.debug.xcconfig */,
				9295153D523FC54A8D0CE2EC /* Pods-CCChainKit_Tests.release.xcconfig */,
			);
			name = Pods;
			sourceTree = "<group>";
		};
/* End PBXGroup section */

/* Begin PBXNativeTarget section */
		6003F589195388D20070C39A /* CCChainKit_Example */ = {
			isa = PBXNativeTarget;
			buildConfigurationList = 6003F5BF195388D20070C39A /* Build configuration list for PBXNativeTarget "CCChainKit_Example" */;
			buildPhases = (
				3D52C0104A5F4FF0C6138192 /* [CP] Check Pods Manifest.lock */,
				6003F586195388D20070C39A /* Sources */,
				6003F587195388D20070C39A /* Frameworks */,
				6003F588195388D20070C39A /* Resources */,
				590055CE817BA9B23E8E26D9 /* [CP] Embed Pods Frameworks */,
				8F5A5178609F2ECCE0003C6D /* [CP] Copy Pods Resources */,
			);
			buildRules = (
			);
			dependencies = (
			);
			name = CCChainKit_Example;
			productName = CCChainKit;
			productReference = 6003F58A195388D20070C39A /* CCChainKit_Example.app */;
			productType = "com.apple.product-type.application";
		};
		6003F5AD195388D20070C39A /* CCChainKit_Tests */ = {
			isa = PBXNativeTarget;
			buildConfigurationList = 6003F5C2195388D20070C39A /* Build configuration list for PBXNativeTarget "CCChainKit_Tests" */;
			buildPhases = (
				8D62777FA34C2D66604E4DDB /* [CP] Check Pods Manifest.lock */,
				6003F5AA195388D20070C39A /* Sources */,
				6003F5AB195388D20070C39A /* Frameworks */,
				6003F5AC195388D20070C39A /* Resources */,
				C811A21EC57E9433B779467C /* [CP] Embed Pods Frameworks */,
				0D3C0A81E64357F52DF506A0 /* [CP] Copy Pods Resources */,
			);
			buildRules = (
			);
			dependencies = (
				6003F5B4195388D20070C39A /* PBXTargetDependency */,
			);
			name = CCChainKit_Tests;
			productName = CCChainKitTests;
			productReference = 6003F5AE195388D20070C39A /* CCChainKit_Tests.xctest */;
			productType = "com.apple.product-type.bundle.unit-test";
		};
/* End PBXNativeTarget section */

/* Begin PBXProject section */
		6003F582195388D10070C39A /* Project object */ = {
			isa = PBXProject;
			attributes = {
				CLASSPREFIX = CC;
				LastUpgradeCheck = 0720;
				ORGANIZATIONNAME = ElwinFrederick;
				TargetAttributes = {
					6003F5AD195388D20070C39A = {
						TestTargetID = 6003F589195388D20070C39A;
					};
				};
			};
			buildConfigurationList = 6003F585195388D10070C39A /* Build configuration list for PBXProject "CCChainKit" */;
			compatibilityVersion = "Xcode 3.2";
			developmentRegion = English;
			hasScannedForEncodings = 0;
			knownRegions = (
				en,
				Base,
			);
			mainGroup = 6003F581195388D10070C39A;
			productRefGroup = 6003F58B195388D20070C39A /* Products */;
			projectDirPath = "";
			projectRoot = "";
			targets = (
				6003F589195388D20070C39A /* CCChainKit_Example */,
				6003F5AD195388D20070C39A /* CCChainKit_Tests */,
			);
		};
/* End PBXProject section */

/* Begin PBXResourcesBuildPhase section */
		6003F588195388D20070C39A /* Resources */ = {
			isa = PBXResourcesBuildPhase;
			buildActionMask = 2147483647;
			files = (
				873B8AEB1B1F5CCA007FD442 /* Main.storyboard in Resources */,
				71719F9F1E33DC2100824A3D /* LaunchScreen.storyboard in Resources */,
				6003F5A9195388D20070C39A /* Images.xcassets in Resources */,
				6003F598195388D20070C39A /* InfoPlist.strings in Resources */,
			);
			runOnlyForDeploymentPostprocessing = 0;
		};
		6003F5AC195388D20070C39A /* Resources */ = {
			isa = PBXResourcesBuildPhase;
			buildActionMask = 2147483647;
			files = (
				6003F5BA195388D20070C39A /* InfoPlist.strings in Resources */,
			);
			runOnlyForDeploymentPostprocessing = 0;
		};
/* End PBXResourcesBuildPhase section */

/* Begin PBXShellScriptBuildPhase section */
		0D3C0A81E64357F52DF506A0 /* [CP] Copy Pods Resources */ = {
			isa = PBXShellScriptBuildPhase;
			buildActionMask = 2147483647;
			files = (
			);
			inputPaths = (
			);
			name = "[CP] Copy Pods Resources";
			outputPaths = (
			);
			runOnlyForDeploymentPostprocessing = 0;
			shellPath = /bin/sh;
			shellScript = "\"${SRCROOT}/Pods/Target Support Files/Pods-CCChainKit_Tests/Pods-CCChainKit_Tests-resources.sh\"\n";
			showEnvVarsInLog = 0;
		};
		3D52C0104A5F4FF0C6138192 /* [CP] Check Pods Manifest.lock */ = {
			isa = PBXShellScriptBuildPhase;
			buildActionMask = 2147483647;
			files = (
			);
			inputPaths = (
				"${PODS_PODFILE_DIR_PATH}/Podfile.lock",
				"${PODS_ROOT}/Manifest.lock",
			);
			name = "[CP] Check Pods Manifest.lock";
			outputPaths = (
				"$(DERIVED_FILE_DIR)/Pods-CCChainKit_Example-checkManifestLockResult.txt",
			);
			runOnlyForDeploymentPostprocessing = 0;
			shellPath = /bin/sh;
			shellScript = "diff \"${PODS_PODFILE_DIR_PATH}/Podfile.lock\" \"${PODS_ROOT}/Manifest.lock\" > /dev/null\nif [ $? != 0 ] ; then\n    # print error to STDERR\n    echo \"error: The sandbox is not in sync with the Podfile.lock. Run 'pod install' or update your CocoaPods installation.\" >&2\n    exit 1\nfi\n# This output is used by Xcode 'outputs' to avoid re-running this script phase.\necho \"SUCCESS\" > \"${SCRIPT_OUTPUT_FILE_0}\"\n";
			showEnvVarsInLog = 0;
		};
		590055CE817BA9B23E8E26D9 /* [CP] Embed Pods Frameworks */ = {
			isa = PBXShellScriptBuildPhase;
			buildActionMask = 2147483647;
			files = (
			);
			inputPaths = (
				"${SRCROOT}/Pods/Target Support Files/Pods-CCChainKit_Example/Pods-CCChainKit_Example-frameworks.sh",
				"${BUILT_PRODUCTS_DIR}/AFNetworking/AFNetworking.framework",
				"${BUILT_PRODUCTS_DIR}/MBProgressHUD/MBProgressHUD.framework",
				"${BUILT_PRODUCTS_DIR}/MGJRouter/MGJRouter.framework",
				"${BUILT_PRODUCTS_DIR}/MJRefresh/MJRefresh.framework",
				"${BUILT_PRODUCTS_DIR}/Realm/Realm.framework",
				"${BUILT_PRODUCTS_DIR}/SDWebImage/SDWebImage.framework",
			);
			name = "[CP] Embed Pods Frameworks";
			outputPaths = (
				"${TARGET_BUILD_DIR}/${FRAMEWORKS_FOLDER_PATH}/AFNetworking.framework",
				"${TARGET_BUILD_DIR}/${FRAMEWORKS_FOLDER_PATH}/MBProgressHUD.framework",
				"${TARGET_BUILD_DIR}/${FRAMEWORKS_FOLDER_PATH}/MGJRouter.framework",
				"${TARGET_BUILD_DIR}/${FRAMEWORKS_FOLDER_PATH}/MJRefresh.framework",
				"${TARGET_BUILD_DIR}/${FRAMEWORKS_FOLDER_PATH}/Realm.framework",
				"${TARGET_BUILD_DIR}/${FRAMEWORKS_FOLDER_PATH}/SDWebImage.framework",
			);
			runOnlyForDeploymentPostprocessing = 0;
			shellPath = /bin/sh;
			shellScript = "\"${SRCROOT}/Pods/Target Support Files/Pods-CCChainKit_Example/Pods-CCChainKit_Example-frameworks.sh\"\n";
			showEnvVarsInLog = 0;
		};
		8D62777FA34C2D66604E4DDB /* [CP] Check Pods Manifest.lock */ = {
			isa = PBXShellScriptBuildPhase;
			buildActionMask = 2147483647;
			files = (
			);
			inputPaths = (
				"${PODS_PODFILE_DIR_PATH}/Podfile.lock",
				"${PODS_ROOT}/Manifest.lock",
			);
			name = "[CP] Check Pods Manifest.lock";
			outputPaths = (
				"$(DERIVED_FILE_DIR)/Pods-CCChainKit_Tests-checkManifestLockResult.txt",
			);
			runOnlyForDeploymentPostprocessing = 0;
			shellPath = /bin/sh;
			shellScript = "diff \"${PODS_PODFILE_DIR_PATH}/Podfile.lock\" \"${PODS_ROOT}/Manifest.lock\" > /dev/null\nif [ $? != 0 ] ; then\n    # print error to STDERR\n    echo \"error: The sandbox is not in sync with the Podfile.lock. Run 'pod install' or update your CocoaPods installation.\" >&2\n    exit 1\nfi\n# This output is used by Xcode 'outputs' to avoid re-running this script phase.\necho \"SUCCESS\" > \"${SCRIPT_OUTPUT_FILE_0}\"\n";
			showEnvVarsInLog = 0;
		};
		8F5A5178609F2ECCE0003C6D /* [CP] Copy Pods Resources */ = {
			isa = PBXShellScriptBuildPhase;
			buildActionMask = 2147483647;
			files = (
			);
			inputPaths = (
			);
			name = "[CP] Copy Pods Resources";
			outputPaths = (
			);
			runOnlyForDeploymentPostprocessing = 0;
			shellPath = /bin/sh;
			shellScript = "\"${SRCROOT}/Pods/Target Support Files/Pods-CCChainKit_Example/Pods-CCChainKit_Example-resources.sh\"\n";
			showEnvVarsInLog = 0;
		};
		C811A21EC57E9433B779467C /* [CP] Embed Pods Frameworks */ = {
			isa = PBXShellScriptBuildPhase;
			buildActionMask = 2147483647;
			files = (
			);
			inputPaths = (
				"${SRCROOT}/Pods/Target Support Files/Pods-CCChainKit_Tests/Pods-CCChainKit_Tests-frameworks.sh",
				"${BUILT_PRODUCTS_DIR}/FBSnapshotTestCase/FBSnapshotTestCase.framework",
			);
			name = "[CP] Embed Pods Frameworks";
			outputPaths = (
				"${TARGET_BUILD_DIR}/${FRAMEWORKS_FOLDER_PATH}/FBSnapshotTestCase.framework",
			);
			runOnlyForDeploymentPostprocessing = 0;
			shellPath = /bin/sh;
			shellScript = "\"${SRCROOT}/Pods/Target Support Files/Pods-CCChainKit_Tests/Pods-CCChainKit_Tests-frameworks.sh\"\n";
			showEnvVarsInLog = 0;
		};
/* End PBXShellScriptBuildPhase section */

/* Begin PBXSourcesBuildPhase section */
		6003F586195388D20070C39A /* Sources */ = {
			isa = PBXSourcesBuildPhase;
			buildActionMask = 2147483647;
			files = (
				701404CF1F56979200830DAA /* CCRealmHandler.m in Sources */,
				70D63D331F3C4CC200945CA2 /* NSTimer+CCChain.m in Sources */,
				70D63D191F3C361500945CA2 /* NSBundle+CCChain.m in Sources */,
				70D63D2A1F3C361500945CA2 /* UIImage+CCChain.m in Sources */,
				70D63D1C1F3C361500945CA2 /* NSNumber+CCChain.m in Sources */,
				70D63D1D1F3C361500945CA2 /* NSObject+CCChain.m in Sources */,
				70D63D2B1F3C361500945CA2 /* UIView+CCChain.m in Sources */,
				70D63D291F3C361500945CA2 /* UIGestureRecognizer+CCChain.m in Sources */,
				6003F59E195388D20070C39A /* CCAppDelegate.m in Sources */,
				70D63D261F3C361500945CA2 /* UICollectionView+CCChain.m in Sources */,
				70D63D281F3C361500945CA2 /* UIControl+CCChain.m in Sources */,
				707A6FE11F593ADB00DEC5C3 /* UITableView+CCChain.m in Sources */,
				70AE27211F5798A60030044C /* NSObject+CCProtocol.m in Sources */,
				37D8628A1F507DFA00417F5F /* CCEasyWebView.m in Sources */,
				70D63D241F3C361500945CA2 /* UIBarButtonItem+CCChain.m in Sources */,
				6003F5A7195388D20070C39A /* CCViewController.m in Sources */,
				70AE27361F57A4E80030044C /* CCNetworkMoniter.m in Sources */,
				70D63D211F3C361500945CA2 /* CCRuntime.m in Sources */,
				70AE274C1F57F9980030044C /* UIImageView+CCChain_WeakNetwork.m in Sources */,
				70D63D181F3C361500945CA2 /* NSAttributedString+CCChain.m in Sources */,
				70D63D251F3C361500945CA2 /* UIButton+CCChain.m in Sources */,
				70D63D231F3C361500945CA2 /* UIAlertController+CCChain.m in Sources */,
				70D63D1F1F3C361500945CA2 /* NSString+CCChain.m in Sources */,
				70AE271C1F5798950030044C /* CCCommon.m in Sources */,
				70AE27731F58023F0030044C /* UIImageView+CCChain.m in Sources */,
				70AE27311F57A3390030044C /* CCMediator+CCBridgeAPI.m in Sources */,
				6003F59A195388D20070C39A /* main.m in Sources */,
				707A6FDA1F59131D00DEC5C3 /* UICollectionView+CCChain_Refresh.m in Sources */,
				70D63D221F3C361500945CA2 /* MBProgressHUD+CCChain.m in Sources */,
				70D63D1B1F3C361500945CA2 /* NSDictionary+CCChain.m in Sources */,
				70D63D1A1F3C361500945CA2 /* NSDate+CCChain.m in Sources */,
				707A6FD51F590B4300DEC5C3 /* UIScrollView+CCChain.m in Sources */,
				70AE271B1F5798950030044C /* CCAuthorize.m in Sources */,
				70AE27771F580A380030044C /* UILabel+CCChain.m in Sources */,
				70AE27281F57A1CA0030044C /* CCMediator.m in Sources */,
				70D63D1E1F3C361500945CA2 /* NSPredicate+CCChain.m in Sources */,
				70AE27481F57F3270030044C /* UIFont+CCChain.m in Sources */,
				70D63D271F3C361500945CA2 /* UIColor+CCChain.m in Sources */,
				70AE27321F57A3390030044C /* CCBridgeRouter.m in Sources */,
				3780F2831F51EA6F009B5C8C /* WKWebView+CCChain.m in Sources */,
				707A6FDD1F59132D00DEC5C3 /* UITableView+CCChain_Refresh.m in Sources */,
				70D63D171F3C361500945CA2 /* NSArray+CCChain.m in Sources */,
				701404CB1F5696C400830DAA /* CCRLMBaseModel.m in Sources */,
				707A6FD11F59058100DEC5C3 /* UINavigationItem+CCChain.m in Sources */,
				70C8813B1F46E0B80007AD62 /* UIImagePickerController+CCChain.m in Sources */,
			);
			runOnlyForDeploymentPostprocessing = 0;
		};
		6003F5AA195388D20070C39A /* Sources */ = {
			isa = PBXSourcesBuildPhase;
			buildActionMask = 2147483647;
			files = (
				6003F5BC195388D20070C39A /* Tests.m in Sources */,
			);
			runOnlyForDeploymentPostprocessing = 0;
		};
/* End PBXSourcesBuildPhase section */

/* Begin PBXTargetDependency section */
		6003F5B4195388D20070C39A /* PBXTargetDependency */ = {
			isa = PBXTargetDependency;
			target = 6003F589195388D20070C39A /* CCChainKit_Example */;
			targetProxy = 6003F5B3195388D20070C39A /* PBXContainerItemProxy */;
		};
/* End PBXTargetDependency section */

/* Begin PBXVariantGroup section */
		6003F596195388D20070C39A /* InfoPlist.strings */ = {
			isa = PBXVariantGroup;
			children = (
				6003F597195388D20070C39A /* en */,
			);
			name = InfoPlist.strings;
			sourceTree = "<group>";
		};
		6003F5B8195388D20070C39A /* InfoPlist.strings */ = {
			isa = PBXVariantGroup;
			children = (
				6003F5B9195388D20070C39A /* en */,
			);
			name = InfoPlist.strings;
			sourceTree = "<group>";
		};
		71719F9D1E33DC2100824A3D /* LaunchScreen.storyboard */ = {
			isa = PBXVariantGroup;
			children = (
				71719F9E1E33DC2100824A3D /* Base */,
			);
			name = LaunchScreen.storyboard;
			sourceTree = "<group>";
		};
/* End PBXVariantGroup section */

/* Begin XCBuildConfiguration section */
		6003F5BD195388D20070C39A /* Debug */ = {
			isa = XCBuildConfiguration;
			buildSettings = {
				ALWAYS_SEARCH_USER_PATHS = NO;
				CLANG_CXX_LANGUAGE_STANDARD = "gnu++0x";
				CLANG_CXX_LIBRARY = "libc++";
				CLANG_ENABLE_MODULES = YES;
				CLANG_ENABLE_OBJC_ARC = YES;
				CLANG_WARN_BOOL_CONVERSION = YES;
				CLANG_WARN_CONSTANT_CONVERSION = YES;
				CLANG_WARN_DIRECT_OBJC_ISA_USAGE = YES_ERROR;
				CLANG_WARN_EMPTY_BODY = YES;
				CLANG_WARN_ENUM_CONVERSION = YES;
				CLANG_WARN_INT_CONVERSION = YES;
				CLANG_WARN_OBJC_ROOT_CLASS = YES_ERROR;
				CLANG_WARN__DUPLICATE_METHOD_MATCH = YES;
				"CODE_SIGN_IDENTITY[sdk=iphoneos*]" = "iPhone Developer";
				COPY_PHASE_STRIP = NO;
				ENABLE_TESTABILITY = YES;
				GCC_C_LANGUAGE_STANDARD = gnu99;
				GCC_DYNAMIC_NO_PIC = NO;
				GCC_OPTIMIZATION_LEVEL = 0;
				GCC_PREPROCESSOR_DEFINITIONS = (
					"DEBUG=1",
					"$(inherited)",
				);
				GCC_SYMBOLS_PRIVATE_EXTERN = NO;
				GCC_WARN_64_TO_32_BIT_CONVERSION = YES;
				GCC_WARN_ABOUT_RETURN_TYPE = YES_ERROR;
				GCC_WARN_UNDECLARED_SELECTOR = YES;
				GCC_WARN_UNINITIALIZED_AUTOS = YES_AGGRESSIVE;
				GCC_WARN_UNUSED_FUNCTION = YES;
				GCC_WARN_UNUSED_VARIABLE = YES;
				IPHONEOS_DEPLOYMENT_TARGET = 8.3;
				ONLY_ACTIVE_ARCH = YES;
				SDKROOT = iphoneos;
				TARGETED_DEVICE_FAMILY = "1,2";
			};
			name = Debug;
		};
		6003F5BE195388D20070C39A /* Release */ = {
			isa = XCBuildConfiguration;
			buildSettings = {
				ALWAYS_SEARCH_USER_PATHS = NO;
				CLANG_CXX_LANGUAGE_STANDARD = "gnu++0x";
				CLANG_CXX_LIBRARY = "libc++";
				CLANG_ENABLE_MODULES = YES;
				CLANG_ENABLE_OBJC_ARC = YES;
				CLANG_WARN_BOOL_CONVERSION = YES;
				CLANG_WARN_CONSTANT_CONVERSION = YES;
				CLANG_WARN_DIRECT_OBJC_ISA_USAGE = YES_ERROR;
				CLANG_WARN_EMPTY_BODY = YES;
				CLANG_WARN_ENUM_CONVERSION = YES;
				CLANG_WARN_INT_CONVERSION = YES;
				CLANG_WARN_OBJC_ROOT_CLASS = YES_ERROR;
				CLANG_WARN__DUPLICATE_METHOD_MATCH = YES;
				"CODE_SIGN_IDENTITY[sdk=iphoneos*]" = "iPhone Developer";
				COPY_PHASE_STRIP = YES;
				ENABLE_NS_ASSERTIONS = NO;
				GCC_C_LANGUAGE_STANDARD = gnu99;
				GCC_WARN_64_TO_32_BIT_CONVERSION = YES;
				GCC_WARN_ABOUT_RETURN_TYPE = YES_ERROR;
				GCC_WARN_UNDECLARED_SELECTOR = YES;
				GCC_WARN_UNINITIALIZED_AUTOS = YES_AGGRESSIVE;
				GCC_WARN_UNUSED_FUNCTION = YES;
				GCC_WARN_UNUSED_VARIABLE = YES;
				IPHONEOS_DEPLOYMENT_TARGET = 8.3;
				SDKROOT = iphoneos;
				TARGETED_DEVICE_FAMILY = "1,2";
				VALIDATE_PRODUCT = YES;
			};
			name = Release;
		};
		6003F5C0195388D20070C39A /* Debug */ = {
			isa = XCBuildConfiguration;
			baseConfigurationReference = E9A5CAE8C18DAAD493482DBC /* Pods-CCChainKit_Example.debug.xcconfig */;
			buildSettings = {
				ASSETCATALOG_COMPILER_APPICON_NAME = AppIcon;
				GCC_PRECOMPILE_PREFIX_HEADER = YES;
				GCC_PREFIX_HEADER = "CCChainKit/CCChainKit-Prefix.pch";
				INFOPLIST_FILE = "CCChainKit/CCChainKit-Info.plist";
				MODULE_NAME = ExampleApp;
				PRODUCT_BUNDLE_IDENTIFIER = "cc.CCChainKit-Example";
				PRODUCT_NAME = "$(TARGET_NAME)";
				WRAPPER_EXTENSION = app;
			};
			name = Debug;
		};
		6003F5C1195388D20070C39A /* Release */ = {
			isa = XCBuildConfiguration;
			baseConfigurationReference = 7B8E8CDA998BCBD8FB075B87 /* Pods-CCChainKit_Example.release.xcconfig */;
			buildSettings = {
				ASSETCATALOG_COMPILER_APPICON_NAME = AppIcon;
				GCC_PRECOMPILE_PREFIX_HEADER = YES;
				GCC_PREFIX_HEADER = "CCChainKit/CCChainKit-Prefix.pch";
				INFOPLIST_FILE = "CCChainKit/CCChainKit-Info.plist";
				MODULE_NAME = ExampleApp;
				PRODUCT_BUNDLE_IDENTIFIER = "cc.CCChainKit-Example";
				PRODUCT_NAME = "$(TARGET_NAME)";
				WRAPPER_EXTENSION = app;
			};
			name = Release;
		};
		6003F5C3195388D20070C39A /* Debug */ = {
			isa = XCBuildConfiguration;
			baseConfigurationReference = 2DDD8D1109EDCB35A1DAF804 /* Pods-CCChainKit_Tests.debug.xcconfig */;
			buildSettings = {
				BUNDLE_LOADER = "$(TEST_HOST)";
				FRAMEWORK_SEARCH_PATHS = (
					"$(SDKROOT)/Developer/Library/Frameworks",
					"$(inherited)",
					"$(DEVELOPER_FRAMEWORKS_DIR)",
				);
				GCC_PRECOMPILE_PREFIX_HEADER = YES;
				GCC_PREFIX_HEADER = "Tests/Tests-Prefix.pch";
				GCC_PREPROCESSOR_DEFINITIONS = (
					"DEBUG=1",
					"$(inherited)",
				);
				INFOPLIST_FILE = "Tests/Tests-Info.plist";
				PRODUCT_BUNDLE_IDENTIFIER = "org.cocoapods.demo.${PRODUCT_NAME:rfc1034identifier}";
				PRODUCT_NAME = "$(TARGET_NAME)";
				TEST_HOST = "$(BUILT_PRODUCTS_DIR)/CCChainKit_Example.app/CCChainKit_Example";
				WRAPPER_EXTENSION = xctest;
			};
			name = Debug;
		};
		6003F5C4195388D20070C39A /* Release */ = {
			isa = XCBuildConfiguration;
			baseConfigurationReference = 9295153D523FC54A8D0CE2EC /* Pods-CCChainKit_Tests.release.xcconfig */;
			buildSettings = {
				BUNDLE_LOADER = "$(TEST_HOST)";
				FRAMEWORK_SEARCH_PATHS = (
					"$(SDKROOT)/Developer/Library/Frameworks",
					"$(inherited)",
					"$(DEVELOPER_FRAMEWORKS_DIR)",
				);
				GCC_PRECOMPILE_PREFIX_HEADER = YES;
				GCC_PREFIX_HEADER = "Tests/Tests-Prefix.pch";
				INFOPLIST_FILE = "Tests/Tests-Info.plist";
				PRODUCT_BUNDLE_IDENTIFIER = "org.cocoapods.demo.${PRODUCT_NAME:rfc1034identifier}";
				PRODUCT_NAME = "$(TARGET_NAME)";
				TEST_HOST = "$(BUILT_PRODUCTS_DIR)/CCChainKit_Example.app/CCChainKit_Example";
				WRAPPER_EXTENSION = xctest;
			};
			name = Release;
		};
/* End XCBuildConfiguration section */

/* Begin XCConfigurationList section */
		6003F585195388D10070C39A /* Build configuration list for PBXProject "CCChainKit" */ = {
			isa = XCConfigurationList;
			buildConfigurations = (
				6003F5BD195388D20070C39A /* Debug */,
				6003F5BE195388D20070C39A /* Release */,
			);
			defaultConfigurationIsVisible = 0;
			defaultConfigurationName = Release;
		};
		6003F5BF195388D20070C39A /* Build configuration list for PBXNativeTarget "CCChainKit_Example" */ = {
			isa = XCConfigurationList;
			buildConfigurations = (
				6003F5C0195388D20070C39A /* Debug */,
				6003F5C1195388D20070C39A /* Release */,
			);
			defaultConfigurationIsVisible = 0;
			defaultConfigurationName = Release;
		};
		6003F5C2195388D20070C39A /* Build configuration list for PBXNativeTarget "CCChainKit_Tests" */ = {
			isa = XCConfigurationList;
			buildConfigurations = (
				6003F5C3195388D20070C39A /* Debug */,
				6003F5C4195388D20070C39A /* Release */,
			);
			defaultConfigurationIsVisible = 0;
			defaultConfigurationName = Release;
		};
/* End XCConfigurationList section */
	};
	rootObject = 6003F582195388D10070C39A /* Project object */;
}
